// !$*UTF8*$!
{
	archiveVersion = 1;
	classes = {
	};
	objectVersion = 48;
	objects = {

/* Begin PBXBuildFile section */
		6305B2A31FE408F20001CCDB /* SFModelCheck.h in Headers */ = {isa = PBXBuildFile; fileRef = 6305B2A11FE408F20001CCDB /* SFModelCheck.h */; settings = {ATTRIBUTES = (Private, ); }; };
		6305B2A41FE408F20001CCDB /* SFModelCheck.m in Sources */ = {isa = PBXBuildFile; fileRef = 6305B2A21FE408F20001CCDB /* SFModelCheck.m */; };
		630C5C3E20325E0E003B6887 /* SFOnboardingTextField.swift in Sources */ = {isa = PBXBuildFile; fileRef = 630C5C3D20325E0E003B6887 /* SFOnboardingTextField.swift */; };
		6313E2FA20007AC00065EE25 /* SFLabel.swift in Sources */ = {isa = PBXBuildFile; fileRef = 63686DD91F0988D20064A0CA /* SFLabel.swift */; };
		6313E2FB200086810065EE25 /* SFTableView.swift in Sources */ = {isa = PBXBuildFile; fileRef = 63686E201F0988D20064A0CA /* SFTableView.swift */; };
		6313E2FC200086810065EE25 /* SFTableViewController.swift in Sources */ = {isa = PBXBuildFile; fileRef = 63686E221F0988D20064A0CA /* SFTableViewController.swift */; };
		6313E2FD200086810065EE25 /* SFTableViewHeaderFooterView.swift in Sources */ = {isa = PBXBuildFile; fileRef = 63686E231F0988D20064A0CA /* SFTableViewHeaderFooterView.swift */; };
		6313E2FE200086810065EE25 /* SFTableViewCell.swift in Sources */ = {isa = PBXBuildFile; fileRef = 63686E211F0988D20064A0CA /* SFTableViewCell.swift */; };
		6313E31D200087D50065EE25 /* SFXAxisView.m in Sources */ = {isa = PBXBuildFile; fileRef = 6313E301200087D00065EE25 /* SFXAxisView.m */; };
		6313E31E200087D50065EE25 /* SFChartTypes.h in Headers */ = {isa = PBXBuildFile; fileRef = 6313E302200087D00065EE25 /* SFChartTypes.h */; settings = {ATTRIBUTES = (Public, ); }; };
		6313E31F200087D50065EE25 /* SFPieChartPieView.m in Sources */ = {isa = PBXBuildFile; fileRef = 6313E303200087D00065EE25 /* SFPieChartPieView.m */; };
		6313E320200087D50065EE25 /* SFPieChartView.h in Headers */ = {isa = PBXBuildFile; fileRef = 6313E304200087D00065EE25 /* SFPieChartView.h */; settings = {ATTRIBUTES = (Public, ); }; };
		6313E321200087D50065EE25 /* SFLineGraphChartView.m in Sources */ = {isa = PBXBuildFile; fileRef = 6313E305200087D00065EE25 /* SFLineGraphChartView.m */; };
		6313E322200087D50065EE25 /* SFPieChartLegendView.h in Headers */ = {isa = PBXBuildFile; fileRef = 6313E306200087D00065EE25 /* SFPieChartLegendView.h */; };
		6313E323200087D50065EE25 /* SFPieChartLegendView.m in Sources */ = {isa = PBXBuildFile; fileRef = 6313E307200087D00065EE25 /* SFPieChartLegendView.m */; };
		6313E324200087D50065EE25 /* SFPieChartLegendCell.h in Headers */ = {isa = PBXBuildFile; fileRef = 6313E308200087D00065EE25 /* SFPieChartLegendCell.h */; };
		6313E325200087D50065EE25 /* SFPieChartTitleTextView.m in Sources */ = {isa = PBXBuildFile; fileRef = 6313E309200087D10065EE25 /* SFPieChartTitleTextView.m */; };
		6313E326200087D50065EE25 /* SFPieChartView.m in Sources */ = {isa = PBXBuildFile; fileRef = 6313E30A200087D10065EE25 /* SFPieChartView.m */; };
		6313E327200087D50065EE25 /* SFPieChartLegendCollectionViewLayout.h in Headers */ = {isa = PBXBuildFile; fileRef = 6313E30B200087D10065EE25 /* SFPieChartLegendCollectionViewLayout.h */; };
		6313E328200087D50065EE25 /* SFBarGraphChartView.h in Headers */ = {isa = PBXBuildFile; fileRef = 6313E30C200087D10065EE25 /* SFBarGraphChartView.h */; settings = {ATTRIBUTES = (Public, ); }; };
		6313E329200087D50065EE25 /* SFPieChartPieView.h in Headers */ = {isa = PBXBuildFile; fileRef = 6313E30D200087D10065EE25 /* SFPieChartPieView.h */; };
		6313E32A200087D50065EE25 /* SFPieChartTitleTextView.h in Headers */ = {isa = PBXBuildFile; fileRef = 6313E30E200087D10065EE25 /* SFPieChartTitleTextView.h */; };
		6313E32B200087D50065EE25 /* SFYAxisView.h in Headers */ = {isa = PBXBuildFile; fileRef = 6313E30F200087D10065EE25 /* SFYAxisView.h */; };
		6313E32C200087D50065EE25 /* SFChartTypes.m in Sources */ = {isa = PBXBuildFile; fileRef = 6313E310200087D20065EE25 /* SFChartTypes.m */; };
		6313E32D200087D50065EE25 /* SFGraphChartView.h in Headers */ = {isa = PBXBuildFile; fileRef = 6313E311200087D20065EE25 /* SFGraphChartView.h */; settings = {ATTRIBUTES = (Public, ); }; };
		6313E32E200087D50065EE25 /* SFPieChartView_Internal.h in Headers */ = {isa = PBXBuildFile; fileRef = 6313E312200087D20065EE25 /* SFPieChartView_Internal.h */; };
		6313E32F200087D50065EE25 /* SFDiscreteGraphChartView.h in Headers */ = {isa = PBXBuildFile; fileRef = 6313E313200087D30065EE25 /* SFDiscreteGraphChartView.h */; settings = {ATTRIBUTES = (Public, ); }; };
		6313E330200087D50065EE25 /* SFXAxisView.h in Headers */ = {isa = PBXBuildFile; fileRef = 6313E314200087D30065EE25 /* SFXAxisView.h */; };
		6313E331200087D50065EE25 /* SFPieChartLegendCollectionViewLayout.m in Sources */ = {isa = PBXBuildFile; fileRef = 6313E315200087D30065EE25 /* SFPieChartLegendCollectionViewLayout.m */; };
		6313E332200087D50065EE25 /* SFGraphChartView.m in Sources */ = {isa = PBXBuildFile; fileRef = 6313E316200087D30065EE25 /* SFGraphChartView.m */; };
		6313E333200087D50065EE25 /* SFBarGraphChartView.m in Sources */ = {isa = PBXBuildFile; fileRef = 6313E317200087D40065EE25 /* SFBarGraphChartView.m */; };
		6313E334200087D50065EE25 /* SFLineGraphChartView.h in Headers */ = {isa = PBXBuildFile; fileRef = 6313E318200087D40065EE25 /* SFLineGraphChartView.h */; settings = {ATTRIBUTES = (Public, ); }; };
		6313E335200087D50065EE25 /* SFPieChartLegendCell.m in Sources */ = {isa = PBXBuildFile; fileRef = 6313E319200087D40065EE25 /* SFPieChartLegendCell.m */; };
		6313E336200087D50065EE25 /* SFDiscreteGraphChartView.m in Sources */ = {isa = PBXBuildFile; fileRef = 6313E31A200087D50065EE25 /* SFDiscreteGraphChartView.m */; };
		6313E337200087D50065EE25 /* SFGraphChartView_Internal.h in Headers */ = {isa = PBXBuildFile; fileRef = 6313E31B200087D50065EE25 /* SFGraphChartView_Internal.h */; };
		6313E338200087D50065EE25 /* SFYAxisView.m in Sources */ = {isa = PBXBuildFile; fileRef = 6313E31C200087D50065EE25 /* SFYAxisView.m */; };
		6313E341200089840065EE25 /* SFSkin.h in Headers */ = {isa = PBXBuildFile; fileRef = 6313E33F200089840065EE25 /* SFSkin.h */; settings = {ATTRIBUTES = (Private, ); }; };
		6313E342200089840065EE25 /* SFSkin.m in Sources */ = {isa = PBXBuildFile; fileRef = 6313E340200089840065EE25 /* SFSkin.m */; };
		6313E3442000899E0065EE25 /* SFDefines.h in Headers */ = {isa = PBXBuildFile; fileRef = 6313E3432000899E0065EE25 /* SFDefines.h */; settings = {ATTRIBUTES = (Public, ); }; };
		6313E348200089EF0065EE25 /* SFHelpers_Private.h in Headers */ = {isa = PBXBuildFile; fileRef = 6313E345200089EF0065EE25 /* SFHelpers_Private.h */; settings = {ATTRIBUTES = (Private, ); }; };
		6313E349200089EF0065EE25 /* SFHelpers_Internal.h in Headers */ = {isa = PBXBuildFile; fileRef = 6313E346200089EF0065EE25 /* SFHelpers_Internal.h */; settings = {ATTRIBUTES = (Private, ); }; };
		6313E34A200089EF0065EE25 /* SFHelpers.m in Sources */ = {isa = PBXBuildFile; fileRef = 6313E347200089EF0065EE25 /* SFHelpers.m */; };
		6313E34D20008A100065EE25 /* SFTypes.h in Headers */ = {isa = PBXBuildFile; fileRef = 6313E34B20008A0F0065EE25 /* SFTypes.h */; settings = {ATTRIBUTES = (Private, ); }; };
		6313E34E20008A100065EE25 /* SFTypes.m in Sources */ = {isa = PBXBuildFile; fileRef = 6313E34C20008A100065EE25 /* SFTypes.m */; };
		6313E35120008BF50065EE25 /* SFErrors.h in Headers */ = {isa = PBXBuildFile; fileRef = 6313E34F20008BF40065EE25 /* SFErrors.h */; settings = {ATTRIBUTES = (Private, ); }; };
		6313E35220008BF50065EE25 /* SFErrors.m in Sources */ = {isa = PBXBuildFile; fileRef = 6313E35020008BF40065EE25 /* SFErrors.m */; };
		6313E356200121430065EE25 /* SFAccessibilityFunctions.m in Sources */ = {isa = PBXBuildFile; fileRef = 6313E354200121430065EE25 /* SFAccessibilityFunctions.m */; };
		6313E357200121430065EE25 /* SFAccessibilityFunctions.h in Headers */ = {isa = PBXBuildFile; fileRef = 6313E355200121430065EE25 /* SFAccessibilityFunctions.h */; settings = {ATTRIBUTES = (Private, ); }; };
		6313E35A200122340065EE25 /* SFLineGraphAccessibilityElement.m in Sources */ = {isa = PBXBuildFile; fileRef = 6313E358200122330065EE25 /* SFLineGraphAccessibilityElement.m */; };
		6313E35B200122340065EE25 /* SFLineGraphAccessibilityElement.h in Headers */ = {isa = PBXBuildFile; fileRef = 6313E359200122340065EE25 /* SFLineGraphAccessibilityElement.h */; settings = {ATTRIBUTES = (Private, ); }; };
		6313E35D200122600065EE25 /* SFAccessibility.h in Headers */ = {isa = PBXBuildFile; fileRef = 6313E35C2001225F0065EE25 /* SFAccessibility.h */; settings = {ATTRIBUTES = (Private, ); }; };
		6314A1B21F1A9BBD00E6D8DD /* SFTextView.swift in Sources */ = {isa = PBXBuildFile; fileRef = 63A13DC41F1A7D5500FE5760 /* SFTextView.swift */; };
		63167CC81F3670E700054924 /* SFCollectionView.swift in Sources */ = {isa = PBXBuildFile; fileRef = 63686DA91F0988D20064A0CA /* SFCollectionView.swift */; };
		63167CC91F3670E700054924 /* SFCollectionViewCell.swift in Sources */ = {isa = PBXBuildFile; fileRef = 63686DAA1F0988D20064A0CA /* SFCollectionViewCell.swift */; };
		63167CCA1F3670E700054924 /* SFCollectionViewController.swift in Sources */ = {isa = PBXBuildFile; fileRef = 63686DAB1F0988D20064A0CA /* SFCollectionViewController.swift */; };
		63167CCC1F3671E700054924 /* SFCollectionReusableView.swift in Sources */ = {isa = PBXBuildFile; fileRef = 63167CCB1F3671E700054924 /* SFCollectionReusableView.swift */; };
		631DC2AB2054CF5500351241 /* SFReuseable.swift in Sources */ = {isa = PBXBuildFile; fileRef = 631DC2AA2054CF5500351241 /* SFReuseable.swift */; };
		631DC2AD2054CF6F00351241 /* SFIdentifiable.swift in Sources */ = {isa = PBXBuildFile; fileRef = 631DC2AC2054CF6F00351241 /* SFIdentifiable.swift */; };
		631DC2B02054D4CF00351241 /* UIView+SFAppearanceEnvironment.h in Headers */ = {isa = PBXBuildFile; fileRef = 631DC2AE2054D4CF00351241 /* UIView+SFAppearanceEnvironment.h */; settings = {ATTRIBUTES = (Public, ); }; };
		631DC2B12054D4CF00351241 /* UIView+SFAppearanceEnvironment.m in Sources */ = {isa = PBXBuildFile; fileRef = 631DC2AF2054D4CF00351241 /* UIView+SFAppearanceEnvironment.m */; };
		6324D3E7201EBFC500D762DA /* SFOnboardingController.swift in Sources */ = {isa = PBXBuildFile; fileRef = 6324D3E6201EBFC500D762DA /* SFOnboardingController.swift */; };
		6324D3EA201EC05700D762DA /* SFOnboardingStage.swift in Sources */ = {isa = PBXBuildFile; fileRef = 6324D3E9201EC05700D762DA /* SFOnboardingStage.swift */; };
		6324D3EC201EC0DD00D762DA /* SFOnboardingCard.swift in Sources */ = {isa = PBXBuildFile; fileRef = 6324D3EB201EC0DD00D762DA /* SFOnboardingCard.swift */; };
		6324D3EE201EC47300D762DA /* SFOnboardingTitleCard.swift in Sources */ = {isa = PBXBuildFile; fileRef = 6324D3ED201EC47300D762DA /* SFOnboardingTitleCard.swift */; };
		6324D3F0201EC7A100D762DA /* SFOnboardingTextFieldCard.swift in Sources */ = {isa = PBXBuildFile; fileRef = 6324D3EF201EC7A100D762DA /* SFOnboardingTextFieldCard.swift */; };
		6324D3F4201FC2B000D762DA /* SFOnboardingPushAnimator.swift in Sources */ = {isa = PBXBuildFile; fileRef = 6324D3F2201FC2B000D762DA /* SFOnboardingPushAnimator.swift */; };
		6324D3F5201FC2B000D762DA /* SFOnboardingTransitionController.swift in Sources */ = {isa = PBXBuildFile; fileRef = 6324D3F3201FC2B000D762DA /* SFOnboardingTransitionController.swift */; };
		6324D3F9201FC66200D762DA /* SFOnboardingTitleCardCell.swift in Sources */ = {isa = PBXBuildFile; fileRef = 6324D3F7201FC66200D762DA /* SFOnboardingTitleCardCell.swift */; };
		6324D3FA201FC66200D762DA /* SFOnboardingTitleCardCell.xib in Resources */ = {isa = PBXBuildFile; fileRef = 6324D3F8201FC66200D762DA /* SFOnboardingTitleCardCell.xib */; };
		6324D400201FCE9200D762DA /* SFOnboardingTextFieldCardCell.swift in Sources */ = {isa = PBXBuildFile; fileRef = 6324D3FE201FCE9200D762DA /* SFOnboardingTextFieldCardCell.swift */; };
		6324D401201FCE9200D762DA /* SFOnboardingTextFieldCardCell.xib in Resources */ = {isa = PBXBuildFile; fileRef = 6324D3FF201FCE9200D762DA /* SFOnboardingTextFieldCardCell.xib */; };
		6324D403201FD01B00D762DA /* SFOnboardingStageViewController.swift in Sources */ = {isa = PBXBuildFile; fileRef = 6324D402201FD01B00D762DA /* SFOnboardingStageViewController.swift */; };
		6324D405201FD5D100D762DA /* SFOnboardingStageViewController.xib in Resources */ = {isa = PBXBuildFile; fileRef = 6324D404201FD5D100D762DA /* SFOnboardingStageViewController.xib */; };
		632DFA592082723A0039E66F /* UIColorMetricsTests.swift in Sources */ = {isa = PBXBuildFile; fileRef = 632DFA582082723A0039E66F /* UIColorMetricsTests.swift */; };
		6331B2CB1F361189005C73F3 /* UIResponder+SFAppearanceEnvironment.h in Headers */ = {isa = PBXBuildFile; fileRef = 6331B2C91F361189005C73F3 /* UIResponder+SFAppearanceEnvironment.h */; settings = {ATTRIBUTES = (Public, ); }; };
		6331B2CC1F361189005C73F3 /* UIResponder+SFAppearanceEnvironment.m in Sources */ = {isa = PBXBuildFile; fileRef = 6331B2CA1F361189005C73F3 /* UIResponder+SFAppearanceEnvironment.m */; };
		6331B2CF1F3619B7005C73F3 /* SFAppearance.h in Headers */ = {isa = PBXBuildFile; fileRef = 6331B2CD1F3619B7005C73F3 /* SFAppearance.h */; settings = {ATTRIBUTES = (Public, ); }; };
		6331B2D01F3619B7005C73F3 /* SFAppearance.m in Sources */ = {isa = PBXBuildFile; fileRef = 6331B2CE1F3619B7005C73F3 /* SFAppearance.m */; };
		6331B2D21F3621F3005C73F3 /* SFAppearanceStyle.h in Headers */ = {isa = PBXBuildFile; fileRef = 6331B2D11F3621F3005C73F3 /* SFAppearanceStyle.h */; settings = {ATTRIBUTES = (Public, ); }; };
		6331B2D31F365E53005C73F3 /* SFAppearanceEnvironment.h in Headers */ = {isa = PBXBuildFile; fileRef = 63761BF61F36097000115594 /* SFAppearanceEnvironment.h */; settings = {ATTRIBUTES = (Public, ); }; };
		633EB3A6205046620045A6E0 /* SFLine.swift in Sources */ = {isa = PBXBuildFile; fileRef = 633EB3A5205046620045A6E0 /* SFLine.swift */; };
		634557602054DDFF00186815 /* UIColorMetrics.swift in Sources */ = {isa = PBXBuildFile; fileRef = 6345575F2054DDFF00186815 /* UIColorMetrics.swift */; };
		634557622054EA7500186815 /* SFAppearanceAdjusting.h in Headers */ = {isa = PBXBuildFile; fileRef = 634557612054EA7500186815 /* SFAppearanceAdjusting.h */; settings = {ATTRIBUTES = (Public, ); }; };
		6347637D1F68D7CF0027B71F /* SFTextField.swift in Sources */ = {isa = PBXBuildFile; fileRef = 63686E2B1F0988D20064A0CA /* SFTextField.swift */; };
		6351C46A2023C67C00994AAC /* SFOnboardingElement.swift in Sources */ = {isa = PBXBuildFile; fileRef = 6351C4692023C67C00994AAC /* SFOnboardingElement.swift */; };
		6351C46C2024F51800994AAC /* SFOnboardingLabel.swift in Sources */ = {isa = PBXBuildFile; fileRef = 6351C46B2024F51800994AAC /* SFOnboardingLabel.swift */; };
		636D65B61F37699B00F3BF35 /* UIViewController+SFAppearanceEnvironment.h in Headers */ = {isa = PBXBuildFile; fileRef = 636D65B41F37699B00F3BF35 /* UIViewController+SFAppearanceEnvironment.h */; settings = {ATTRIBUTES = (Public, ); }; };
		636D65B71F37699B00F3BF35 /* UIViewController+SFAppearanceEnvironment.m in Sources */ = {isa = PBXBuildFile; fileRef = 636D65B51F37699B00F3BF35 /* UIViewController+SFAppearanceEnvironment.m */; };
		636D65B91F376C2300F3BF35 /* SFAppearance+Refinements.swift in Sources */ = {isa = PBXBuildFile; fileRef = 636D65B81F376C2300F3BF35 /* SFAppearance+Refinements.swift */; };
		636D65BC1F376E1E00F3BF35 /* SFNavigationController.swift in Sources */ = {isa = PBXBuildFile; fileRef = 636D65BB1F376E1E00F3BF35 /* SFNavigationController.swift */; };
		6385A22D1F06EB36002B9244 /* SFKit.framework in Frameworks */ = {isa = PBXBuildFile; fileRef = 6385A2231F06EB36002B9244 /* SFKit.framework */; };
		6385A2321F06EB36002B9244 /* SFKitTests.swift in Sources */ = {isa = PBXBuildFile; fileRef = 6385A2311F06EB36002B9244 /* SFKitTests.swift */; };
		6385A2341F06EB36002B9244 /* SFKit.h in Headers */ = {isa = PBXBuildFile; fileRef = 6385A2261F06EB36002B9244 /* SFKit.h */; settings = {ATTRIBUTES = (Public, ); }; };
		6385A23F1F06EB4D002B9244 /* SFColor.swift in Sources */ = {isa = PBXBuildFile; fileRef = 6385A23D1F06EB4D002B9244 /* SFColor.swift */; };
		6385A2401F06EB4D002B9244 /* SFButton.swift in Sources */ = {isa = PBXBuildFile; fileRef = 6385A23E1F06EB4D002B9244 /* SFButton.swift */; };
		638B1BDE2050C684009CA8D7 /* SFPolygon.swift in Sources */ = {isa = PBXBuildFile; fileRef = 638B1BDD2050C684009CA8D7 /* SFPolygon.swift */; };
		63B04BC11F6748120030CFFE /* SFImageView.swift in Sources */ = {isa = PBXBuildFile; fileRef = 63686DD51F0988D20064A0CA /* SFImageView.swift */; };
		63C901A51F27E5F30022D03C /* SFNavigationBar.swift in Sources */ = {isa = PBXBuildFile; fileRef = 63686DE41F0988D20064A0CA /* SFNavigationBar.swift */; };
		63D40AA220211FF300DD1AF9 /* SFOnboardingControl.swift in Sources */ = {isa = PBXBuildFile; fileRef = 63D40AA120211FF300DD1AF9 /* SFOnboardingControl.swift */; };
		63DE763E1F30F71600C7E5AE /* SFVisualEffectView.swift in Sources */ = {isa = PBXBuildFile; fileRef = 63686E381F0988D20064A0CA /* SFVisualEffectView.swift */; };
		63E0B991208ED4A000B400CE /* strip-frameworks.sh in Resources */ = {isa = PBXBuildFile; fileRef = 63E0B98F208ED4A000B400CE /* strip-frameworks.sh */; };
		63E3B9E51F23ECB700531BC5 /* SFView.swift in Sources */ = {isa = PBXBuildFile; fileRef = 63686E341F0988D20064A0CA /* SFView.swift */; };
		63E3B9E61F23ED4200531BC5 /* SFTabBar.swift in Sources */ = {isa = PBXBuildFile; fileRef = 63686E1D1F0988D20064A0CA /* SFTabBar.swift */; };
		63F6EFA02002CDF500B7D3E8 /* Utilities.swift in Sources */ = {isa = PBXBuildFile; fileRef = 63F6EF9F2002CDF500B7D3E8 /* Utilities.swift */; };
		63F90A871F3128530037E5CD /* SFViewController.swift in Sources */ = {isa = PBXBuildFile; fileRef = 63686E351F0988D20064A0CA /* SFViewController.swift */; };
/* End PBXBuildFile section */

/* Begin PBXContainerItemProxy section */
		6385A22E1F06EB36002B9244 /* PBXContainerItemProxy */ = {
			isa = PBXContainerItemProxy;
			containerPortal = 6385A21A1F06EB36002B9244 /* Project object */;
			proxyType = 1;
			remoteGlobalIDString = 6385A2221F06EB36002B9244;
			remoteInfo = SFKit;
		};
/* End PBXContainerItemProxy section */

/* Begin PBXFileReference section */
		6305B2A11FE408F20001CCDB /* SFModelCheck.h */ = {isa = PBXFileReference; lastKnownFileType = sourcecode.c.h; path = SFModelCheck.h; sourceTree = "<group>"; };
		6305B2A21FE408F20001CCDB /* SFModelCheck.m */ = {isa = PBXFileReference; lastKnownFileType = sourcecode.c.objc; path = SFModelCheck.m; sourceTree = "<group>"; };
		6305B2A61FE40C8E0001CCDB /* module.modulemap */ = {isa = PBXFileReference; lastKnownFileType = "sourcecode.module-map"; path = module.modulemap; sourceTree = "<group>"; };
		630C5C3D20325E0E003B6887 /* SFOnboardingTextField.swift */ = {isa = PBXFileReference; lastKnownFileType = sourcecode.swift; path = SFOnboardingTextField.swift; sourceTree = "<group>"; };
		6313E301200087D00065EE25 /* SFXAxisView.m */ = {isa = PBXFileReference; fileEncoding = 4; lastKnownFileType = sourcecode.c.objc; path = SFXAxisView.m; sourceTree = "<group>"; };
		6313E302200087D00065EE25 /* SFChartTypes.h */ = {isa = PBXFileReference; fileEncoding = 4; lastKnownFileType = sourcecode.c.h; path = SFChartTypes.h; sourceTree = "<group>"; };
		6313E303200087D00065EE25 /* SFPieChartPieView.m */ = {isa = PBXFileReference; fileEncoding = 4; lastKnownFileType = sourcecode.c.objc; path = SFPieChartPieView.m; sourceTree = "<group>"; };
		6313E304200087D00065EE25 /* SFPieChartView.h */ = {isa = PBXFileReference; fileEncoding = 4; lastKnownFileType = sourcecode.c.h; path = SFPieChartView.h; sourceTree = "<group>"; };
		6313E305200087D00065EE25 /* SFLineGraphChartView.m */ = {isa = PBXFileReference; fileEncoding = 4; lastKnownFileType = sourcecode.c.objc; path = SFLineGraphChartView.m; sourceTree = "<group>"; };
		6313E306200087D00065EE25 /* SFPieChartLegendView.h */ = {isa = PBXFileReference; fileEncoding = 4; lastKnownFileType = sourcecode.c.h; path = SFPieChartLegendView.h; sourceTree = "<group>"; };
		6313E307200087D00065EE25 /* SFPieChartLegendView.m */ = {isa = PBXFileReference; fileEncoding = 4; lastKnownFileType = sourcecode.c.objc; path = SFPieChartLegendView.m; sourceTree = "<group>"; };
		6313E308200087D00065EE25 /* SFPieChartLegendCell.h */ = {isa = PBXFileReference; fileEncoding = 4; lastKnownFileType = sourcecode.c.h; path = SFPieChartLegendCell.h; sourceTree = "<group>"; };
		6313E309200087D10065EE25 /* SFPieChartTitleTextView.m */ = {isa = PBXFileReference; fileEncoding = 4; lastKnownFileType = sourcecode.c.objc; path = SFPieChartTitleTextView.m; sourceTree = "<group>"; };
		6313E30A200087D10065EE25 /* SFPieChartView.m */ = {isa = PBXFileReference; fileEncoding = 4; lastKnownFileType = sourcecode.c.objc; path = SFPieChartView.m; sourceTree = "<group>"; };
		6313E30B200087D10065EE25 /* SFPieChartLegendCollectionViewLayout.h */ = {isa = PBXFileReference; fileEncoding = 4; lastKnownFileType = sourcecode.c.h; path = SFPieChartLegendCollectionViewLayout.h; sourceTree = "<group>"; };
		6313E30C200087D10065EE25 /* SFBarGraphChartView.h */ = {isa = PBXFileReference; fileEncoding = 4; lastKnownFileType = sourcecode.c.h; path = SFBarGraphChartView.h; sourceTree = "<group>"; };
		6313E30D200087D10065EE25 /* SFPieChartPieView.h */ = {isa = PBXFileReference; fileEncoding = 4; lastKnownFileType = sourcecode.c.h; path = SFPieChartPieView.h; sourceTree = "<group>"; };
		6313E30E200087D10065EE25 /* SFPieChartTitleTextView.h */ = {isa = PBXFileReference; fileEncoding = 4; lastKnownFileType = sourcecode.c.h; path = SFPieChartTitleTextView.h; sourceTree = "<group>"; };
		6313E30F200087D10065EE25 /* SFYAxisView.h */ = {isa = PBXFileReference; fileEncoding = 4; lastKnownFileType = sourcecode.c.h; path = SFYAxisView.h; sourceTree = "<group>"; };
		6313E310200087D20065EE25 /* SFChartTypes.m */ = {isa = PBXFileReference; fileEncoding = 4; lastKnownFileType = sourcecode.c.objc; path = SFChartTypes.m; sourceTree = "<group>"; };
		6313E311200087D20065EE25 /* SFGraphChartView.h */ = {isa = PBXFileReference; fileEncoding = 4; lastKnownFileType = sourcecode.c.h; path = SFGraphChartView.h; sourceTree = "<group>"; };
		6313E312200087D20065EE25 /* SFPieChartView_Internal.h */ = {isa = PBXFileReference; fileEncoding = 4; lastKnownFileType = sourcecode.c.h; path = SFPieChartView_Internal.h; sourceTree = "<group>"; };
		6313E313200087D30065EE25 /* SFDiscreteGraphChartView.h */ = {isa = PBXFileReference; fileEncoding = 4; lastKnownFileType = sourcecode.c.h; path = SFDiscreteGraphChartView.h; sourceTree = "<group>"; };
		6313E314200087D30065EE25 /* SFXAxisView.h */ = {isa = PBXFileReference; fileEncoding = 4; lastKnownFileType = sourcecode.c.h; path = SFXAxisView.h; sourceTree = "<group>"; };
		6313E315200087D30065EE25 /* SFPieChartLegendCollectionViewLayout.m */ = {isa = PBXFileReference; fileEncoding = 4; lastKnownFileType = sourcecode.c.objc; path = SFPieChartLegendCollectionViewLayout.m; sourceTree = "<group>"; };
		6313E316200087D30065EE25 /* SFGraphChartView.m */ = {isa = PBXFileReference; fileEncoding = 4; lastKnownFileType = sourcecode.c.objc; path = SFGraphChartView.m; sourceTree = "<group>"; };
		6313E317200087D40065EE25 /* SFBarGraphChartView.m */ = {isa = PBXFileReference; fileEncoding = 4; lastKnownFileType = sourcecode.c.objc; path = SFBarGraphChartView.m; sourceTree = "<group>"; };
		6313E318200087D40065EE25 /* SFLineGraphChartView.h */ = {isa = PBXFileReference; fileEncoding = 4; lastKnownFileType = sourcecode.c.h; path = SFLineGraphChartView.h; sourceTree = "<group>"; };
		6313E319200087D40065EE25 /* SFPieChartLegendCell.m */ = {isa = PBXFileReference; fileEncoding = 4; lastKnownFileType = sourcecode.c.objc; path = SFPieChartLegendCell.m; sourceTree = "<group>"; };
		6313E31A200087D50065EE25 /* SFDiscreteGraphChartView.m */ = {isa = PBXFileReference; fileEncoding = 4; lastKnownFileType = sourcecode.c.objc; path = SFDiscreteGraphChartView.m; sourceTree = "<group>"; };
		6313E31B200087D50065EE25 /* SFGraphChartView_Internal.h */ = {isa = PBXFileReference; fileEncoding = 4; lastKnownFileType = sourcecode.c.h; path = SFGraphChartView_Internal.h; sourceTree = "<group>"; };
		6313E31C200087D50065EE25 /* SFYAxisView.m */ = {isa = PBXFileReference; fileEncoding = 4; lastKnownFileType = sourcecode.c.objc; path = SFYAxisView.m; sourceTree = "<group>"; };
		6313E33F200089840065EE25 /* SFSkin.h */ = {isa = PBXFileReference; fileEncoding = 4; lastKnownFileType = sourcecode.c.h; path = SFSkin.h; sourceTree = "<group>"; };
		6313E340200089840065EE25 /* SFSkin.m */ = {isa = PBXFileReference; fileEncoding = 4; lastKnownFileType = sourcecode.c.objc; path = SFSkin.m; sourceTree = "<group>"; };
		6313E3432000899E0065EE25 /* SFDefines.h */ = {isa = PBXFileReference; fileEncoding = 4; lastKnownFileType = sourcecode.c.h; path = SFDefines.h; sourceTree = "<group>"; };
		6313E345200089EF0065EE25 /* SFHelpers_Private.h */ = {isa = PBXFileReference; fileEncoding = 4; lastKnownFileType = sourcecode.c.h; path = SFHelpers_Private.h; sourceTree = "<group>"; };
		6313E346200089EF0065EE25 /* SFHelpers_Internal.h */ = {isa = PBXFileReference; fileEncoding = 4; lastKnownFileType = sourcecode.c.h; path = SFHelpers_Internal.h; sourceTree = "<group>"; };
		6313E347200089EF0065EE25 /* SFHelpers.m */ = {isa = PBXFileReference; fileEncoding = 4; lastKnownFileType = sourcecode.c.objc; path = SFHelpers.m; sourceTree = "<group>"; };
		6313E34B20008A0F0065EE25 /* SFTypes.h */ = {isa = PBXFileReference; fileEncoding = 4; lastKnownFileType = sourcecode.c.h; path = SFTypes.h; sourceTree = "<group>"; };
		6313E34C20008A100065EE25 /* SFTypes.m */ = {isa = PBXFileReference; fileEncoding = 4; lastKnownFileType = sourcecode.c.objc; path = SFTypes.m; sourceTree = "<group>"; };
		6313E34F20008BF40065EE25 /* SFErrors.h */ = {isa = PBXFileReference; fileEncoding = 4; lastKnownFileType = sourcecode.c.h; path = SFErrors.h; sourceTree = "<group>"; };
		6313E35020008BF40065EE25 /* SFErrors.m */ = {isa = PBXFileReference; fileEncoding = 4; lastKnownFileType = sourcecode.c.objc; path = SFErrors.m; sourceTree = "<group>"; };
		6313E354200121430065EE25 /* SFAccessibilityFunctions.m */ = {isa = PBXFileReference; fileEncoding = 4; lastKnownFileType = sourcecode.c.objc; path = SFAccessibilityFunctions.m; sourceTree = "<group>"; };
		6313E355200121430065EE25 /* SFAccessibilityFunctions.h */ = {isa = PBXFileReference; fileEncoding = 4; lastKnownFileType = sourcecode.c.h; path = SFAccessibilityFunctions.h; sourceTree = "<group>"; };
		6313E358200122330065EE25 /* SFLineGraphAccessibilityElement.m */ = {isa = PBXFileReference; fileEncoding = 4; lastKnownFileType = sourcecode.c.objc; path = SFLineGraphAccessibilityElement.m; sourceTree = "<group>"; };
		6313E359200122340065EE25 /* SFLineGraphAccessibilityElement.h */ = {isa = PBXFileReference; fileEncoding = 4; lastKnownFileType = sourcecode.c.h; path = SFLineGraphAccessibilityElement.h; sourceTree = "<group>"; };
		6313E35C2001225F0065EE25 /* SFAccessibility.h */ = {isa = PBXFileReference; fileEncoding = 4; lastKnownFileType = sourcecode.c.h; path = SFAccessibility.h; sourceTree = "<group>"; };
		63167CCB1F3671E700054924 /* SFCollectionReusableView.swift */ = {isa = PBXFileReference; lastKnownFileType = sourcecode.swift; path = SFCollectionReusableView.swift; sourceTree = "<group>"; };
		631DC2AA2054CF5500351241 /* SFReuseable.swift */ = {isa = PBXFileReference; lastKnownFileType = sourcecode.swift; path = SFReuseable.swift; sourceTree = "<group>"; };
		631DC2AC2054CF6F00351241 /* SFIdentifiable.swift */ = {isa = PBXFileReference; lastKnownFileType = sourcecode.swift; path = SFIdentifiable.swift; sourceTree = "<group>"; };
		631DC2AE2054D4CF00351241 /* UIView+SFAppearanceEnvironment.h */ = {isa = PBXFileReference; lastKnownFileType = sourcecode.c.h; path = "UIView+SFAppearanceEnvironment.h"; sourceTree = "<group>"; };
		631DC2AF2054D4CF00351241 /* UIView+SFAppearanceEnvironment.m */ = {isa = PBXFileReference; lastKnownFileType = sourcecode.c.objc; path = "UIView+SFAppearanceEnvironment.m"; sourceTree = "<group>"; };
		6324D3E6201EBFC500D762DA /* SFOnboardingController.swift */ = {isa = PBXFileReference; lastKnownFileType = sourcecode.swift; path = SFOnboardingController.swift; sourceTree = "<group>"; };
		6324D3E9201EC05700D762DA /* SFOnboardingStage.swift */ = {isa = PBXFileReference; lastKnownFileType = sourcecode.swift; path = SFOnboardingStage.swift; sourceTree = "<group>"; };
		6324D3EB201EC0DD00D762DA /* SFOnboardingCard.swift */ = {isa = PBXFileReference; lastKnownFileType = sourcecode.swift; path = SFOnboardingCard.swift; sourceTree = "<group>"; };
		6324D3ED201EC47300D762DA /* SFOnboardingTitleCard.swift */ = {isa = PBXFileReference; lastKnownFileType = sourcecode.swift; path = SFOnboardingTitleCard.swift; sourceTree = "<group>"; };
		6324D3EF201EC7A100D762DA /* SFOnboardingTextFieldCard.swift */ = {isa = PBXFileReference; lastKnownFileType = sourcecode.swift; path = SFOnboardingTextFieldCard.swift; sourceTree = "<group>"; };
		6324D3F2201FC2B000D762DA /* SFOnboardingPushAnimator.swift */ = {isa = PBXFileReference; fileEncoding = 4; lastKnownFileType = sourcecode.swift; path = SFOnboardingPushAnimator.swift; sourceTree = "<group>"; };
		6324D3F3201FC2B000D762DA /* SFOnboardingTransitionController.swift */ = {isa = PBXFileReference; fileEncoding = 4; lastKnownFileType = sourcecode.swift; path = SFOnboardingTransitionController.swift; sourceTree = "<group>"; };
		6324D3F7201FC66200D762DA /* SFOnboardingTitleCardCell.swift */ = {isa = PBXFileReference; lastKnownFileType = sourcecode.swift; path = SFOnboardingTitleCardCell.swift; sourceTree = "<group>"; };
		6324D3F8201FC66200D762DA /* SFOnboardingTitleCardCell.xib */ = {isa = PBXFileReference; lastKnownFileType = file.xib; path = SFOnboardingTitleCardCell.xib; sourceTree = "<group>"; };
		6324D3FE201FCE9200D762DA /* SFOnboardingTextFieldCardCell.swift */ = {isa = PBXFileReference; lastKnownFileType = sourcecode.swift; path = SFOnboardingTextFieldCardCell.swift; sourceTree = "<group>"; };
		6324D3FF201FCE9200D762DA /* SFOnboardingTextFieldCardCell.xib */ = {isa = PBXFileReference; lastKnownFileType = file.xib; path = SFOnboardingTextFieldCardCell.xib; sourceTree = "<group>"; };
		6324D402201FD01B00D762DA /* SFOnboardingStageViewController.swift */ = {isa = PBXFileReference; lastKnownFileType = sourcecode.swift; path = SFOnboardingStageViewController.swift; sourceTree = "<group>"; };
		6324D404201FD5D100D762DA /* SFOnboardingStageViewController.xib */ = {isa = PBXFileReference; lastKnownFileType = file.xib; path = SFOnboardingStageViewController.xib; sourceTree = "<group>"; };
		632DFA582082723A0039E66F /* UIColorMetricsTests.swift */ = {isa = PBXFileReference; lastKnownFileType = sourcecode.swift; path = UIColorMetricsTests.swift; sourceTree = "<group>"; };
		6331B2C91F361189005C73F3 /* UIResponder+SFAppearanceEnvironment.h */ = {isa = PBXFileReference; lastKnownFileType = sourcecode.c.h; path = "UIResponder+SFAppearanceEnvironment.h"; sourceTree = "<group>"; };
		6331B2CA1F361189005C73F3 /* UIResponder+SFAppearanceEnvironment.m */ = {isa = PBXFileReference; lastKnownFileType = sourcecode.c.objc; path = "UIResponder+SFAppearanceEnvironment.m"; sourceTree = "<group>"; };
		6331B2CD1F3619B7005C73F3 /* SFAppearance.h */ = {isa = PBXFileReference; lastKnownFileType = sourcecode.c.h; path = SFAppearance.h; sourceTree = "<group>"; };
		6331B2CE1F3619B7005C73F3 /* SFAppearance.m */ = {isa = PBXFileReference; lastKnownFileType = sourcecode.c.objc; path = SFAppearance.m; sourceTree = "<group>"; };
		6331B2D11F3621F3005C73F3 /* SFAppearanceStyle.h */ = {isa = PBXFileReference; lastKnownFileType = sourcecode.c.h; path = SFAppearanceStyle.h; sourceTree = "<group>"; };
		633EB3A5205046620045A6E0 /* SFLine.swift */ = {isa = PBXFileReference; lastKnownFileType = sourcecode.swift; path = SFLine.swift; sourceTree = "<group>"; };
		6345575F2054DDFF00186815 /* UIColorMetrics.swift */ = {isa = PBXFileReference; lastKnownFileType = sourcecode.swift; path = UIColorMetrics.swift; sourceTree = "<group>"; };
		634557612054EA7500186815 /* SFAppearanceAdjusting.h */ = {isa = PBXFileReference; lastKnownFileType = sourcecode.c.h; path = SFAppearanceAdjusting.h; sourceTree = "<group>"; };
		6351C4692023C67C00994AAC /* SFOnboardingElement.swift */ = {isa = PBXFileReference; lastKnownFileType = sourcecode.swift; path = SFOnboardingElement.swift; sourceTree = "<group>"; };
		6351C46B2024F51800994AAC /* SFOnboardingLabel.swift */ = {isa = PBXFileReference; lastKnownFileType = sourcecode.swift; path = SFOnboardingLabel.swift; sourceTree = "<group>"; };
		63686DA91F0988D20064A0CA /* SFCollectionView.swift */ = {isa = PBXFileReference; fileEncoding = 4; lastKnownFileType = sourcecode.swift; path = SFCollectionView.swift; sourceTree = "<group>"; };
		63686DAA1F0988D20064A0CA /* SFCollectionViewCell.swift */ = {isa = PBXFileReference; fileEncoding = 4; lastKnownFileType = sourcecode.swift; path = SFCollectionViewCell.swift; sourceTree = "<group>"; };
		63686DAB1F0988D20064A0CA /* SFCollectionViewController.swift */ = {isa = PBXFileReference; fileEncoding = 4; lastKnownFileType = sourcecode.swift; path = SFCollectionViewController.swift; sourceTree = "<group>"; };
		63686DD51F0988D20064A0CA /* SFImageView.swift */ = {isa = PBXFileReference; fileEncoding = 4; lastKnownFileType = sourcecode.swift; path = SFImageView.swift; sourceTree = "<group>"; };
		63686DD91F0988D20064A0CA /* SFLabel.swift */ = {isa = PBXFileReference; fileEncoding = 4; lastKnownFileType = sourcecode.swift; path = SFLabel.swift; sourceTree = "<group>"; };
		63686DE41F0988D20064A0CA /* SFNavigationBar.swift */ = {isa = PBXFileReference; fileEncoding = 4; lastKnownFileType = sourcecode.swift; path = SFNavigationBar.swift; sourceTree = "<group>"; };
		63686E1D1F0988D20064A0CA /* SFTabBar.swift */ = {isa = PBXFileReference; fileEncoding = 4; lastKnownFileType = sourcecode.swift; path = SFTabBar.swift; sourceTree = "<group>"; };
		63686E201F0988D20064A0CA /* SFTableView.swift */ = {isa = PBXFileReference; fileEncoding = 4; lastKnownFileType = sourcecode.swift; path = SFTableView.swift; sourceTree = "<group>"; };
		63686E211F0988D20064A0CA /* SFTableViewCell.swift */ = {isa = PBXFileReference; fileEncoding = 4; lastKnownFileType = sourcecode.swift; path = SFTableViewCell.swift; sourceTree = "<group>"; };
		63686E221F0988D20064A0CA /* SFTableViewController.swift */ = {isa = PBXFileReference; fileEncoding = 4; lastKnownFileType = sourcecode.swift; path = SFTableViewController.swift; sourceTree = "<group>"; };
		63686E231F0988D20064A0CA /* SFTableViewHeaderFooterView.swift */ = {isa = PBXFileReference; fileEncoding = 4; lastKnownFileType = sourcecode.swift; path = SFTableViewHeaderFooterView.swift; sourceTree = "<group>"; };
		63686E2B1F0988D20064A0CA /* SFTextField.swift */ = {isa = PBXFileReference; fileEncoding = 4; lastKnownFileType = sourcecode.swift; path = SFTextField.swift; sourceTree = "<group>"; };
		63686E341F0988D20064A0CA /* SFView.swift */ = {isa = PBXFileReference; fileEncoding = 4; lastKnownFileType = sourcecode.swift; path = SFView.swift; sourceTree = "<group>"; };
		63686E351F0988D20064A0CA /* SFViewController.swift */ = {isa = PBXFileReference; fileEncoding = 4; lastKnownFileType = sourcecode.swift; path = SFViewController.swift; sourceTree = "<group>"; };
		63686E381F0988D20064A0CA /* SFVisualEffectView.swift */ = {isa = PBXFileReference; fileEncoding = 4; lastKnownFileType = sourcecode.swift; path = SFVisualEffectView.swift; sourceTree = "<group>"; };
		636CF9C01F098C2E00C724C4 /* README.md */ = {isa = PBXFileReference; lastKnownFileType = net.daringfireball.markdown; path = README.md; sourceTree = "<group>"; };
		636D65B41F37699B00F3BF35 /* UIViewController+SFAppearanceEnvironment.h */ = {isa = PBXFileReference; lastKnownFileType = sourcecode.c.h; path = "UIViewController+SFAppearanceEnvironment.h"; sourceTree = "<group>"; };
		636D65B51F37699B00F3BF35 /* UIViewController+SFAppearanceEnvironment.m */ = {isa = PBXFileReference; lastKnownFileType = sourcecode.c.objc; path = "UIViewController+SFAppearanceEnvironment.m"; sourceTree = "<group>"; };
		636D65B81F376C2300F3BF35 /* SFAppearance+Refinements.swift */ = {isa = PBXFileReference; lastKnownFileType = sourcecode.swift; path = "SFAppearance+Refinements.swift"; sourceTree = "<group>"; };
		636D65BB1F376E1E00F3BF35 /* SFNavigationController.swift */ = {isa = PBXFileReference; lastKnownFileType = sourcecode.swift; path = SFNavigationController.swift; sourceTree = "<group>"; };
		63761BF61F36097000115594 /* SFAppearanceEnvironment.h */ = {isa = PBXFileReference; lastKnownFileType = sourcecode.c.h; path = SFAppearanceEnvironment.h; sourceTree = "<group>"; };
		6385A2231F06EB36002B9244 /* SFKit.framework */ = {isa = PBXFileReference; explicitFileType = wrapper.framework; includeInIndex = 0; path = SFKit.framework; sourceTree = BUILT_PRODUCTS_DIR; };
		6385A2261F06EB36002B9244 /* SFKit.h */ = {isa = PBXFileReference; lastKnownFileType = sourcecode.c.h; path = SFKit.h; sourceTree = "<group>"; };
		6385A2271F06EB36002B9244 /* Info.plist */ = {isa = PBXFileReference; lastKnownFileType = text.plist.xml; path = Info.plist; sourceTree = "<group>"; };
		6385A22C1F06EB36002B9244 /* SFKitTests.xctest */ = {isa = PBXFileReference; explicitFileType = wrapper.cfbundle; includeInIndex = 0; path = SFKitTests.xctest; sourceTree = BUILT_PRODUCTS_DIR; };
		6385A2311F06EB36002B9244 /* SFKitTests.swift */ = {isa = PBXFileReference; lastKnownFileType = sourcecode.swift; path = SFKitTests.swift; sourceTree = "<group>"; };
		6385A2331F06EB36002B9244 /* Info.plist */ = {isa = PBXFileReference; lastKnownFileType = text.plist.xml; path = Info.plist; sourceTree = "<group>"; };
		6385A23D1F06EB4D002B9244 /* SFColor.swift */ = {isa = PBXFileReference; fileEncoding = 4; lastKnownFileType = sourcecode.swift; path = SFColor.swift; sourceTree = "<group>"; };
		6385A23E1F06EB4D002B9244 /* SFButton.swift */ = {isa = PBXFileReference; fileEncoding = 4; lastKnownFileType = sourcecode.swift; path = SFButton.swift; sourceTree = "<group>"; };
		638B1BDD2050C684009CA8D7 /* SFPolygon.swift */ = {isa = PBXFileReference; lastKnownFileType = sourcecode.swift; path = SFPolygon.swift; sourceTree = "<group>"; };
		63A13DC41F1A7D5500FE5760 /* SFTextView.swift */ = {isa = PBXFileReference; lastKnownFileType = sourcecode.swift; path = SFTextView.swift; sourceTree = "<group>"; };
		63D40AA120211FF300DD1AF9 /* SFOnboardingControl.swift */ = {isa = PBXFileReference; lastKnownFileType = sourcecode.swift; path = SFOnboardingControl.swift; sourceTree = "<group>"; };
		63E0B98E208ED4A000B400CE /* SdkPackage.sh */ = {isa = PBXFileReference; fileEncoding = 4; lastKnownFileType = text.script.sh; path = SdkPackage.sh; sourceTree = "<group>"; };
		63E0B98F208ED4A000B400CE /* strip-frameworks.sh */ = {isa = PBXFileReference; fileEncoding = 4; lastKnownFileType = text.script.sh; path = "strip-frameworks.sh"; sourceTree = "<group>"; };
		63F6EF9F2002CDF500B7D3E8 /* Utilities.swift */ = {isa = PBXFileReference; lastKnownFileType = sourcecode.swift; path = Utilities.swift; sourceTree = "<group>"; };
/* End PBXFileReference section */

/* Begin PBXFrameworksBuildPhase section */
		6385A21F1F06EB36002B9244 /* Frameworks */ = {
			isa = PBXFrameworksBuildPhase;
			buildActionMask = 2147483647;
			files = (
			);
			runOnlyForDeploymentPostprocessing = 0;
		};
		6385A2291F06EB36002B9244 /* Frameworks */ = {
			isa = PBXFrameworksBuildPhase;
			buildActionMask = 2147483647;
			files = (
				6385A22D1F06EB36002B9244 /* SFKit.framework in Frameworks */,
			);
			runOnlyForDeploymentPostprocessing = 0;
		};
/* End PBXFrameworksBuildPhase section */

/* Begin PBXGroup section */
		6305B2A51FE40C770001CCDB /* Project Module */ = {
			isa = PBXGroup;
			children = (
				6305B2A61FE40C8E0001CCDB /* module.modulemap */,
			);
			path = "Project Module";
			sourceTree = "<group>";
		};
		6313E300200087660065EE25 /* Charts */ = {
			isa = PBXGroup;
			children = (
				6313E3392000881C0065EE25 /* Pie */,
				6313E33B2000884B0065EE25 /* Graphs */,
				6313E33E200089700065EE25 /* Miscellaneous */,
			);
			path = Charts;
			sourceTree = "<group>";
		};
		6313E3392000881C0065EE25 /* Pie */ = {
			isa = PBXGroup;
			children = (
				6313E33A200088340065EE25 /* Components */,
				6313E312200087D20065EE25 /* SFPieChartView_Internal.h */,
				6313E304200087D00065EE25 /* SFPieChartView.h */,
				6313E30A200087D10065EE25 /* SFPieChartView.m */,
			);
			path = Pie;
			sourceTree = "<group>";
		};
		6313E33A200088340065EE25 /* Components */ = {
			isa = PBXGroup;
			children = (
				6313E308200087D00065EE25 /* SFPieChartLegendCell.h */,
				6313E319200087D40065EE25 /* SFPieChartLegendCell.m */,
				6313E30B200087D10065EE25 /* SFPieChartLegendCollectionViewLayout.h */,
				6313E315200087D30065EE25 /* SFPieChartLegendCollectionViewLayout.m */,
				6313E306200087D00065EE25 /* SFPieChartLegendView.h */,
				6313E307200087D00065EE25 /* SFPieChartLegendView.m */,
				6313E30D200087D10065EE25 /* SFPieChartPieView.h */,
				6313E303200087D00065EE25 /* SFPieChartPieView.m */,
				6313E30E200087D10065EE25 /* SFPieChartTitleTextView.h */,
				6313E309200087D10065EE25 /* SFPieChartTitleTextView.m */,
			);
			path = Components;
			sourceTree = "<group>";
		};
		6313E33B2000884B0065EE25 /* Graphs */ = {
			isa = PBXGroup;
			children = (
				6313E33C2000885A0065EE25 /* Components */,
				6313E30C200087D10065EE25 /* SFBarGraphChartView.h */,
				6313E317200087D40065EE25 /* SFBarGraphChartView.m */,
				6313E302200087D00065EE25 /* SFChartTypes.h */,
				6313E310200087D20065EE25 /* SFChartTypes.m */,
				6313E313200087D30065EE25 /* SFDiscreteGraphChartView.h */,
				6313E31A200087D50065EE25 /* SFDiscreteGraphChartView.m */,
				6313E31B200087D50065EE25 /* SFGraphChartView_Internal.h */,
				6313E311200087D20065EE25 /* SFGraphChartView.h */,
				6313E316200087D30065EE25 /* SFGraphChartView.m */,
				6313E318200087D40065EE25 /* SFLineGraphChartView.h */,
				6313E305200087D00065EE25 /* SFLineGraphChartView.m */,
			);
			path = Graphs;
			sourceTree = "<group>";
		};
		6313E33C2000885A0065EE25 /* Components */ = {
			isa = PBXGroup;
			children = (
				6313E314200087D30065EE25 /* SFXAxisView.h */,
				6313E301200087D00065EE25 /* SFXAxisView.m */,
				6313E30F200087D10065EE25 /* SFYAxisView.h */,
				6313E31C200087D50065EE25 /* SFYAxisView.m */,
			);
			path = Components;
			sourceTree = "<group>";
		};
		6313E33E200089700065EE25 /* Miscellaneous */ = {
			isa = PBXGroup;
			children = (
				6313E35320008BFA0065EE25 /* Definitions */,
				6313E33F200089840065EE25 /* SFSkin.h */,
				6313E340200089840065EE25 /* SFSkin.m */,
				6313E346200089EF0065EE25 /* SFHelpers_Internal.h */,
				6313E345200089EF0065EE25 /* SFHelpers_Private.h */,
				6313E347200089EF0065EE25 /* SFHelpers.m */,
				6313E35C2001225F0065EE25 /* SFAccessibility.h */,
				6313E355200121430065EE25 /* SFAccessibilityFunctions.h */,
				6313E354200121430065EE25 /* SFAccessibilityFunctions.m */,
				6313E359200122340065EE25 /* SFLineGraphAccessibilityElement.h */,
				6313E358200122330065EE25 /* SFLineGraphAccessibilityElement.m */,
			);
			path = Miscellaneous;
			sourceTree = "<group>";
		};
		6313E35320008BFA0065EE25 /* Definitions */ = {
			isa = PBXGroup;
			children = (
				6313E34B20008A0F0065EE25 /* SFTypes.h */,
				6313E34C20008A100065EE25 /* SFTypes.m */,
				6313E3432000899E0065EE25 /* SFDefines.h */,
				6313E34F20008BF40065EE25 /* SFErrors.h */,
				6313E35020008BF40065EE25 /* SFErrors.m */,
			);
			path = Definitions;
			sourceTree = "<group>";
		};
		6313E36320019D9C0065EE25 /* Miscellaneous */ = {
			isa = PBXGroup;
			children = (
				631DC2AC2054CF6F00351241 /* SFIdentifiable.swift */,
				631DC2AA2054CF5500351241 /* SFReuseable.swift */,
				63F6EF9F2002CDF500B7D3E8 /* Utilities.swift */,
			);
			path = Miscellaneous;
			sourceTree = "<group>";
		};
		63167CC71F3670C800054924 /* Deprecated Classes */ = {
			isa = PBXGroup;
			children = (
				6385A23D1F06EB4D002B9244 /* SFColor.swift */,
				63686DA91F0988D20064A0CA /* SFCollectionView.swift */,
				63686DAA1F0988D20064A0CA /* SFCollectionViewCell.swift */,
				63167CCB1F3671E700054924 /* SFCollectionReusableView.swift */,
				63686DAB1F0988D20064A0CA /* SFCollectionViewController.swift */,
				63686E201F0988D20064A0CA /* SFTableView.swift */,
				63686E211F0988D20064A0CA /* SFTableViewCell.swift */,
				63686E221F0988D20064A0CA /* SFTableViewController.swift */,
				63686E231F0988D20064A0CA /* SFTableViewHeaderFooterView.swift */,
				63686E351F0988D20064A0CA /* SFViewController.swift */,
				63686DD51F0988D20064A0CA /* SFImageView.swift */,
			);
			path = "Deprecated Classes";
			sourceTree = "<group>";
		};
		631DC2B22054DA4C00351241 /* Polygons */ = {
			isa = PBXGroup;
			children = (
				638B1BDD2050C684009CA8D7 /* SFPolygon.swift */,
				633EB3A5205046620045A6E0 /* SFLine.swift */,
			);
			path = Polygons;
			sourceTree = "<group>";
		};
		6324D3F1201EC8A400D762DA /* Cards */ = {
			isa = PBXGroup;
			children = (
				6324D3EB201EC0DD00D762DA /* SFOnboardingCard.swift */,
				6324D3FC201FCB5700D762DA /* Title */,
				6324D3FD201FCE7A00D762DA /* Text Field */,
			);
			path = Cards;
			sourceTree = "<group>";
		};
		6324D3F6201FC30C00D762DA /* Transition */ = {
			isa = PBXGroup;
			children = (
				6324D3F3201FC2B000D762DA /* SFOnboardingTransitionController.swift */,
				6324D3F2201FC2B000D762DA /* SFOnboardingPushAnimator.swift */,
			);
			path = Transition;
			sourceTree = "<group>";
		};
		6324D3FC201FCB5700D762DA /* Title */ = {
			isa = PBXGroup;
			children = (
				6324D3ED201EC47300D762DA /* SFOnboardingTitleCard.swift */,
				6324D3F7201FC66200D762DA /* SFOnboardingTitleCardCell.swift */,
				6324D3F8201FC66200D762DA /* SFOnboardingTitleCardCell.xib */,
			);
			path = Title;
			sourceTree = "<group>";
		};
		6324D3FD201FCE7A00D762DA /* Text Field */ = {
			isa = PBXGroup;
			children = (
				6324D3EF201EC7A100D762DA /* SFOnboardingTextFieldCard.swift */,
				6324D3FE201FCE9200D762DA /* SFOnboardingTextFieldCardCell.swift */,
				6324D3FF201FCE9200D762DA /* SFOnboardingTextFieldCardCell.xib */,
			);
			path = "Text Field";
			sourceTree = "<group>";
		};
		635CBA4F203255BD00788309 /* Elements */ = {
			isa = PBXGroup;
			children = (
				6351C4692023C67C00994AAC /* SFOnboardingElement.swift */,
				6351C46B2024F51800994AAC /* SFOnboardingLabel.swift */,
				63D40AA120211FF300DD1AF9 /* SFOnboardingControl.swift */,
				630C5C3D20325E0E003B6887 /* SFOnboardingTextField.swift */,
			);
			path = Elements;
			sourceTree = "<group>";
		};
		636D65BA1F376D7400F3BF35 /* Categories & Extensions */ = {
			isa = PBXGroup;
			children = (
				636D65B81F376C2300F3BF35 /* SFAppearance+Refinements.swift */,
				6331B2C91F361189005C73F3 /* UIResponder+SFAppearanceEnvironment.h */,
				6331B2CA1F361189005C73F3 /* UIResponder+SFAppearanceEnvironment.m */,
				636D65B41F37699B00F3BF35 /* UIViewController+SFAppearanceEnvironment.h */,
				636D65B51F37699B00F3BF35 /* UIViewController+SFAppearanceEnvironment.m */,
				631DC2AE2054D4CF00351241 /* UIView+SFAppearanceEnvironment.h */,
				631DC2AF2054D4CF00351241 /* UIView+SFAppearanceEnvironment.m */,
			);
			path = "Categories & Extensions";
			sourceTree = "<group>";
		};
		637D6B061FB7F0B100397317 /* UI Elements */ = {
			isa = PBXGroup;
			children = (
				6345575F2054DDFF00186815 /* UIColorMetrics.swift */,
				63686DD91F0988D20064A0CA /* SFLabel.swift */,
				63686E381F0988D20064A0CA /* SFVisualEffectView.swift */,
				6385A23E1F06EB4D002B9244 /* SFButton.swift */,
				63686DE41F0988D20064A0CA /* SFNavigationBar.swift */,
				636D65BB1F376E1E00F3BF35 /* SFNavigationController.swift */,
				63A13DC41F1A7D5500FE5760 /* SFTextView.swift */,
				63686E2B1F0988D20064A0CA /* SFTextField.swift */,
				63686E341F0988D20064A0CA /* SFView.swift */,
				63686E1D1F0988D20064A0CA /* SFTabBar.swift */,
				631DC2B22054DA4C00351241 /* Polygons */,
			);
			path = "UI Elements";
			sourceTree = "<group>";
		};
		6385A2191F06EB36002B9244 = {
			isa = PBXGroup;
			children = (
				636CF9C01F098C2E00C724C4 /* README.md */,
				6385A2251F06EB36002B9244 /* SFKit */,
				6385A2301F06EB36002B9244 /* SFKitTests */,
				6385A2241F06EB36002B9244 /* Products */,
			);
			sourceTree = "<group>";
		};
		6385A2241F06EB36002B9244 /* Products */ = {
			isa = PBXGroup;
			children = (
				6385A2231F06EB36002B9244 /* SFKit.framework */,
				6385A22C1F06EB36002B9244 /* SFKitTests.xctest */,
			);
			name = Products;
			sourceTree = "<group>";
		};
		6385A2251F06EB36002B9244 /* SFKit */ = {
			isa = PBXGroup;
			children = (
				6385A2261F06EB36002B9244 /* SFKit.h */,
				639989AC1F094ECF007F1590 /* Source */,
				63F459691FE404FF008B62C4 /* Supporting Files */,
			);
			path = SFKit;
			sourceTree = "<group>";
		};
		6385A2301F06EB36002B9244 /* SFKitTests */ = {
			isa = PBXGroup;
			children = (
				6385A2311F06EB36002B9244 /* SFKitTests.swift */,
				632DFA582082723A0039E66F /* UIColorMetricsTests.swift */,
				6385A2331F06EB36002B9244 /* Info.plist */,
			);
			path = SFKitTests;
			sourceTree = "<group>";
		};
		639989AC1F094ECF007F1590 /* Source */ = {
			isa = PBXGroup;
			children = (
				63A13DC61F1A7D7400FE5760 /* Appearance */,
				63BA899820420DF1000684BA /* Onboarding */,
				6313E300200087660065EE25 /* Charts */,
				637D6B061FB7F0B100397317 /* UI Elements */,
				6313E36320019D9C0065EE25 /* Miscellaneous */,
				63167CC71F3670C800054924 /* Deprecated Classes */,
			);
			path = Source;
			sourceTree = "<group>";
		};
		63A13DC61F1A7D7400FE5760 /* Appearance */ = {
			isa = PBXGroup;
			children = (
				6331B2D11F3621F3005C73F3 /* SFAppearanceStyle.h */,
				6331B2CD1F3619B7005C73F3 /* SFAppearance.h */,
				6331B2CE1F3619B7005C73F3 /* SFAppearance.m */,
				63761BF61F36097000115594 /* SFAppearanceEnvironment.h */,
				634557612054EA7500186815 /* SFAppearanceAdjusting.h */,
				636D65BA1F376D7400F3BF35 /* Categories & Extensions */,
			);
			path = Appearance;
			sourceTree = "<group>";
		};
		63BA899820420DF1000684BA /* Onboarding */ = {
			isa = PBXGroup;
			children = (
				6324D3E6201EBFC500D762DA /* SFOnboardingController.swift */,
				635CBA4F203255BD00788309 /* Elements */,
				63D40AA020211A1700DD1AF9 /* Stage */,
				6324D3F1201EC8A400D762DA /* Cards */,
				6324D3F6201FC30C00D762DA /* Transition */,
			);
			path = Onboarding;
			sourceTree = "<group>";
		};
		63D40AA020211A1700DD1AF9 /* Stage */ = {
			isa = PBXGroup;
			children = (
				6324D3E9201EC05700D762DA /* SFOnboardingStage.swift */,
				6324D402201FD01B00D762DA /* SFOnboardingStageViewController.swift */,
				6324D404201FD5D100D762DA /* SFOnboardingStageViewController.xib */,
			);
			path = Stage;
			sourceTree = "<group>";
		};
		63E0B98D208ED49000B400CE /* Scripts */ = {
			isa = PBXGroup;
			children = (
				63E0B98E208ED4A000B400CE /* SdkPackage.sh */,
				63E0B98F208ED4A000B400CE /* strip-frameworks.sh */,
			);
			path = Scripts;
			sourceTree = "<group>";
		};
		63F459691FE404FF008B62C4 /* Supporting Files */ = {
			isa = PBXGroup;
			children = (
				6305B2A11FE408F20001CCDB /* SFModelCheck.h */,
				6305B2A21FE408F20001CCDB /* SFModelCheck.m */,
				63E0B98D208ED49000B400CE /* Scripts */,
				6305B2A51FE40C770001CCDB /* Project Module */,
				6385A2271F06EB36002B9244 /* Info.plist */,
			);
			path = "Supporting Files";
			sourceTree = "<group>";
		};
/* End PBXGroup section */

/* Begin PBXHeadersBuildPhase section */
		6385A2201F06EB36002B9244 /* Headers */ = {
			isa = PBXHeadersBuildPhase;
			buildActionMask = 2147483647;
			files = (
				6313E330200087D50065EE25 /* SFXAxisView.h in Headers */,
				6313E31E200087D50065EE25 /* SFChartTypes.h in Headers */,
				6313E329200087D50065EE25 /* SFPieChartPieView.h in Headers */,
				6313E334200087D50065EE25 /* SFLineGraphChartView.h in Headers */,
				6313E3442000899E0065EE25 /* SFDefines.h in Headers */,
				6313E34D20008A100065EE25 /* SFTypes.h in Headers */,
				6331B2D31F365E53005C73F3 /* SFAppearanceEnvironment.h in Headers */,
				6313E35D200122600065EE25 /* SFAccessibility.h in Headers */,
				6331B2CF1F3619B7005C73F3 /* SFAppearance.h in Headers */,
				6331B2D21F3621F3005C73F3 /* SFAppearanceStyle.h in Headers */,
				6331B2CB1F361189005C73F3 /* UIResponder+SFAppearanceEnvironment.h in Headers */,
				6313E324200087D50065EE25 /* SFPieChartLegendCell.h in Headers */,
				6313E322200087D50065EE25 /* SFPieChartLegendView.h in Headers */,
				6305B2A31FE408F20001CCDB /* SFModelCheck.h in Headers */,
				6313E341200089840065EE25 /* SFSkin.h in Headers */,
				6313E32B200087D50065EE25 /* SFYAxisView.h in Headers */,
				634557622054EA7500186815 /* SFAppearanceAdjusting.h in Headers */,
				631DC2B02054D4CF00351241 /* UIView+SFAppearanceEnvironment.h in Headers */,
				6313E349200089EF0065EE25 /* SFHelpers_Internal.h in Headers */,
				6313E32A200087D50065EE25 /* SFPieChartTitleTextView.h in Headers */,
				6313E32D200087D50065EE25 /* SFGraphChartView.h in Headers */,
				636D65B61F37699B00F3BF35 /* UIViewController+SFAppearanceEnvironment.h in Headers */,
				6313E327200087D50065EE25 /* SFPieChartLegendCollectionViewLayout.h in Headers */,
				6313E328200087D50065EE25 /* SFBarGraphChartView.h in Headers */,
				6313E32F200087D50065EE25 /* SFDiscreteGraphChartView.h in Headers */,
				6313E32E200087D50065EE25 /* SFPieChartView_Internal.h in Headers */,
				6313E337200087D50065EE25 /* SFGraphChartView_Internal.h in Headers */,
				6385A2341F06EB36002B9244 /* SFKit.h in Headers */,
				6313E348200089EF0065EE25 /* SFHelpers_Private.h in Headers */,
				6313E35B200122340065EE25 /* SFLineGraphAccessibilityElement.h in Headers */,
				6313E35120008BF50065EE25 /* SFErrors.h in Headers */,
				6313E357200121430065EE25 /* SFAccessibilityFunctions.h in Headers */,
				6313E320200087D50065EE25 /* SFPieChartView.h in Headers */,
			);
			runOnlyForDeploymentPostprocessing = 0;
		};
/* End PBXHeadersBuildPhase section */

/* Begin PBXNativeTarget section */
		6385A2221F06EB36002B9244 /* SFKit */ = {
			isa = PBXNativeTarget;
			buildConfigurationList = 6385A2371F06EB36002B9244 /* Build configuration list for PBXNativeTarget "SFKit" */;
			buildPhases = (
				6385A21E1F06EB36002B9244 /* Sources */,
				6385A21F1F06EB36002B9244 /* Frameworks */,
				6385A2201F06EB36002B9244 /* Headers */,
				6385A2211F06EB36002B9244 /* Resources */,
			);
			buildRules = (
			);
			dependencies = (
			);
			name = SFKit;
			productName = SFKit;
			productReference = 6385A2231F06EB36002B9244 /* SFKit.framework */;
			productType = "com.apple.product-type.framework";
		};
		6385A22B1F06EB36002B9244 /* SFKitTests */ = {
			isa = PBXNativeTarget;
			buildConfigurationList = 6385A23A1F06EB36002B9244 /* Build configuration list for PBXNativeTarget "SFKitTests" */;
			buildPhases = (
				6385A2281F06EB36002B9244 /* Sources */,
				6385A2291F06EB36002B9244 /* Frameworks */,
				6385A22A1F06EB36002B9244 /* Resources */,
			);
			buildRules = (
			);
			dependencies = (
				6385A22F1F06EB36002B9244 /* PBXTargetDependency */,
			);
			name = SFKitTests;
			productName = SFKitTests;
			productReference = 6385A22C1F06EB36002B9244 /* SFKitTests.xctest */;
			productType = "com.apple.product-type.bundle.unit-test";
		};
/* End PBXNativeTarget section */

/* Begin PBXProject section */
		6385A21A1F06EB36002B9244 /* Project object */ = {
			isa = PBXProject;
			attributes = {
				LastSwiftUpdateCheck = 0900;
				LastUpgradeCheck = 0930;
				ORGANIZATIONNAME = "Moore Development";
				TargetAttributes = {
					6385A2221F06EB36002B9244 = {
						CreatedOnToolsVersion = 9.0;
						LastSwiftMigration = 1000;
						ProvisioningStyle = Automatic;
					};
					6385A22B1F06EB36002B9244 = {
						CreatedOnToolsVersion = 9.0;
					};
				};
			};
			buildConfigurationList = 6385A21D1F06EB36002B9244 /* Build configuration list for PBXProject "SFKit" */;
			compatibilityVersion = "Xcode 8.0";
			developmentRegion = en;
			hasScannedForEncodings = 0;
			knownRegions = (
				en,
			);
			mainGroup = 6385A2191F06EB36002B9244;
			productRefGroup = 6385A2241F06EB36002B9244 /* Products */;
			projectDirPath = "";
			projectRoot = "";
			targets = (
				6385A2221F06EB36002B9244 /* SFKit */,
				6385A22B1F06EB36002B9244 /* SFKitTests */,
			);
		};
/* End PBXProject section */

/* Begin PBXResourcesBuildPhase section */
		6385A2211F06EB36002B9244 /* Resources */ = {
			isa = PBXResourcesBuildPhase;
			buildActionMask = 2147483647;
			files = (
				63E0B991208ED4A000B400CE /* strip-frameworks.sh in Resources */,
				6324D3FA201FC66200D762DA /* SFOnboardingTitleCardCell.xib in Resources */,
				6324D401201FCE9200D762DA /* SFOnboardingTextFieldCardCell.xib in Resources */,
				6324D405201FD5D100D762DA /* SFOnboardingStageViewController.xib in Resources */,
			);
			runOnlyForDeploymentPostprocessing = 0;
		};
		6385A22A1F06EB36002B9244 /* Resources */ = {
			isa = PBXResourcesBuildPhase;
			buildActionMask = 2147483647;
			files = (
			);
			runOnlyForDeploymentPostprocessing = 0;
		};
/* End PBXResourcesBuildPhase section */

/* Begin PBXSourcesBuildPhase section */
		6385A21E1F06EB36002B9244 /* Sources */ = {
			isa = PBXSourcesBuildPhase;
			buildActionMask = 2147483647;
			files = (
				6314A1B21F1A9BBD00E6D8DD /* SFTextView.swift in Sources */,
				6313E356200121430065EE25 /* SFAccessibilityFunctions.m in Sources */,
				6324D3EC201EC0DD00D762DA /* SFOnboardingCard.swift in Sources */,
				63B04BC11F6748120030CFFE /* SFImageView.swift in Sources */,
				63167CC91F3670E700054924 /* SFCollectionViewCell.swift in Sources */,
				6324D3F0201EC7A100D762DA /* SFOnboardingTextFieldCard.swift in Sources */,
				6313E335200087D50065EE25 /* SFPieChartLegendCell.m in Sources */,
				6351C46C2024F51800994AAC /* SFOnboardingLabel.swift in Sources */,
				631DC2AD2054CF6F00351241 /* SFIdentifiable.swift in Sources */,
				63167CCC1F3671E700054924 /* SFCollectionReusableView.swift in Sources */,
				6313E336200087D50065EE25 /* SFDiscreteGraphChartView.m in Sources */,
				6313E323200087D50065EE25 /* SFPieChartLegendView.m in Sources */,
				6324D403201FD01B00D762DA /* SFOnboardingStageViewController.swift in Sources */,
				6313E2FC200086810065EE25 /* SFTableViewController.swift in Sources */,
				6313E2FA20007AC00065EE25 /* SFLabel.swift in Sources */,
				630C5C3E20325E0E003B6887 /* SFOnboardingTextField.swift in Sources */,
				6324D3F5201FC2B000D762DA /* SFOnboardingTransitionController.swift in Sources */,
				6324D3F9201FC66200D762DA /* SFOnboardingTitleCardCell.swift in Sources */,
				6324D3E7201EBFC500D762DA /* SFOnboardingController.swift in Sources */,
				6385A2401F06EB4D002B9244 /* SFButton.swift in Sources */,
				6313E31F200087D50065EE25 /* SFPieChartPieView.m in Sources */,
				6313E342200089840065EE25 /* SFSkin.m in Sources */,
				6313E321200087D50065EE25 /* SFLineGraphChartView.m in Sources */,
				636D65B91F376C2300F3BF35 /* SFAppearance+Refinements.swift in Sources */,
				6313E35220008BF50065EE25 /* SFErrors.m in Sources */,
				6313E338200087D50065EE25 /* SFYAxisView.m in Sources */,
				6313E331200087D50065EE25 /* SFPieChartLegendCollectionViewLayout.m in Sources */,
				6313E2FB200086810065EE25 /* SFTableView.swift in Sources */,
				63C901A51F27E5F30022D03C /* SFNavigationBar.swift in Sources */,
				6324D3EA201EC05700D762DA /* SFOnboardingStage.swift in Sources */,
				63F90A871F3128530037E5CD /* SFViewController.swift in Sources */,
				6313E332200087D50065EE25 /* SFGraphChartView.m in Sources */,
				6313E2FD200086810065EE25 /* SFTableViewHeaderFooterView.swift in Sources */,
				63D40AA220211FF300DD1AF9 /* SFOnboardingControl.swift in Sources */,
				6313E32C200087D50065EE25 /* SFChartTypes.m in Sources */,
				63167CCA1F3670E700054924 /* SFCollectionViewController.swift in Sources */,
				6313E2FE200086810065EE25 /* SFTableViewCell.swift in Sources */,
				63F6EFA02002CDF500B7D3E8 /* Utilities.swift in Sources */,
				6313E325200087D50065EE25 /* SFPieChartTitleTextView.m in Sources */,
				6324D400201FCE9200D762DA /* SFOnboardingTextFieldCardCell.swift in Sources */,
				63167CC81F3670E700054924 /* SFCollectionView.swift in Sources */,
				6313E31D200087D50065EE25 /* SFXAxisView.m in Sources */,
				6305B2A41FE408F20001CCDB /* SFModelCheck.m in Sources */,
				6313E34E20008A100065EE25 /* SFTypes.m in Sources */,
				636D65B71F37699B00F3BF35 /* UIViewController+SFAppearanceEnvironment.m in Sources */,
				6324D3F4201FC2B000D762DA /* SFOnboardingPushAnimator.swift in Sources */,
				63E3B9E51F23ECB700531BC5 /* SFView.swift in Sources */,
				6313E34A200089EF0065EE25 /* SFHelpers.m in Sources */,
				63E3B9E61F23ED4200531BC5 /* SFTabBar.swift in Sources */,
				634557602054DDFF00186815 /* UIColorMetrics.swift in Sources */,
				6313E333200087D50065EE25 /* SFBarGraphChartView.m in Sources */,
				6331B2CC1F361189005C73F3 /* UIResponder+SFAppearanceEnvironment.m in Sources */,
				6313E35A200122340065EE25 /* SFLineGraphAccessibilityElement.m in Sources */,
				631DC2AB2054CF5500351241 /* SFReuseable.swift in Sources */,
				6347637D1F68D7CF0027B71F /* SFTextField.swift in Sources */,
				638B1BDE2050C684009CA8D7 /* SFPolygon.swift in Sources */,
				63DE763E1F30F71600C7E5AE /* SFVisualEffectView.swift in Sources */,
				636D65BC1F376E1E00F3BF35 /* SFNavigationController.swift in Sources */,
				6331B2D01F3619B7005C73F3 /* SFAppearance.m in Sources */,
				631DC2B12054D4CF00351241 /* UIView+SFAppearanceEnvironment.m in Sources */,
				6385A23F1F06EB4D002B9244 /* SFColor.swift in Sources */,
				6324D3EE201EC47300D762DA /* SFOnboardingTitleCard.swift in Sources */,
				6313E326200087D50065EE25 /* SFPieChartView.m in Sources */,
				6351C46A2023C67C00994AAC /* SFOnboardingElement.swift in Sources */,
				633EB3A6205046620045A6E0 /* SFLine.swift in Sources */,
			);
			runOnlyForDeploymentPostprocessing = 0;
		};
		6385A2281F06EB36002B9244 /* Sources */ = {
			isa = PBXSourcesBuildPhase;
			buildActionMask = 2147483647;
			files = (
				6385A2321F06EB36002B9244 /* SFKitTests.swift in Sources */,
				632DFA592082723A0039E66F /* UIColorMetricsTests.swift in Sources */,
			);
			runOnlyForDeploymentPostprocessing = 0;
		};
/* End PBXSourcesBuildPhase section */

/* Begin PBXTargetDependency section */
		6385A22F1F06EB36002B9244 /* PBXTargetDependency */ = {
			isa = PBXTargetDependency;
			target = 6385A2221F06EB36002B9244 /* SFKit */;
			targetProxy = 6385A22E1F06EB36002B9244 /* PBXContainerItemProxy */;
		};
/* End PBXTargetDependency section */

/* Begin XCBuildConfiguration section */
		6385A2351F06EB36002B9244 /* Debug */ = {
			isa = XCBuildConfiguration;
			buildSettings = {
				ALWAYS_SEARCH_USER_PATHS = NO;
				CLANG_ANALYZER_NONNULL = YES;
				CLANG_ANALYZER_NUMBER_OBJECT_CONVERSION = YES_AGGRESSIVE;
				CLANG_CXX_LANGUAGE_STANDARD = "gnu++14";
				CLANG_CXX_LIBRARY = "libc++";
				CLANG_ENABLE_MODULES = YES;
				CLANG_ENABLE_OBJC_ARC = YES;
				CLANG_WARN_BLOCK_CAPTURE_AUTORELEASING = YES;
				CLANG_WARN_BOOL_CONVERSION = YES;
				CLANG_WARN_COMMA = YES;
				CLANG_WARN_CONSTANT_CONVERSION = YES;
				CLANG_WARN_DEPRECATED_OBJC_IMPLEMENTATIONS = YES;
				CLANG_WARN_DIRECT_OBJC_ISA_USAGE = YES_ERROR;
				CLANG_WARN_DOCUMENTATION_COMMENTS = YES;
				CLANG_WARN_EMPTY_BODY = YES;
				CLANG_WARN_ENUM_CONVERSION = YES;
				CLANG_WARN_INFINITE_RECURSION = YES;
				CLANG_WARN_INT_CONVERSION = YES;
				CLANG_WARN_NON_LITERAL_NULL_CONVERSION = YES;
				CLANG_WARN_OBJC_IMPLICIT_RETAIN_SELF = YES;
				CLANG_WARN_OBJC_LITERAL_CONVERSION = YES;
				CLANG_WARN_OBJC_ROOT_CLASS = YES_ERROR;
				CLANG_WARN_RANGE_LOOP_ANALYSIS = YES;
				CLANG_WARN_STRICT_PROTOTYPES = YES;
				CLANG_WARN_SUSPICIOUS_MOVE = YES;
				CLANG_WARN_UNGUARDED_AVAILABILITY = YES_AGGRESSIVE;
				CLANG_WARN_UNREACHABLE_CODE = YES;
				CLANG_WARN__DUPLICATE_METHOD_MATCH = YES;
				CODE_SIGN_IDENTITY = "iPhone Developer";
				COPY_PHASE_STRIP = NO;
				CURRENT_PROJECT_VERSION = 1;
				DEBUG_INFORMATION_FORMAT = dwarf;
				ENABLE_STRICT_OBJC_MSGSEND = YES;
				ENABLE_TESTABILITY = YES;
				GCC_C_LANGUAGE_STANDARD = gnu11;
				GCC_DYNAMIC_NO_PIC = NO;
				GCC_NO_COMMON_BLOCKS = YES;
				GCC_OPTIMIZATION_LEVEL = 0;
				GCC_PREPROCESSOR_DEFINITIONS = (
					"DEBUG=1",
					"$(inherited)",
				);
				GCC_WARN_64_TO_32_BIT_CONVERSION = YES;
				GCC_WARN_ABOUT_RETURN_TYPE = YES_ERROR;
				GCC_WARN_UNDECLARED_SELECTOR = YES;
				GCC_WARN_UNINITIALIZED_AUTOS = YES_AGGRESSIVE;
				GCC_WARN_UNUSED_FUNCTION = YES;
				GCC_WARN_UNUSED_VARIABLE = YES;
				IPHONEOS_DEPLOYMENT_TARGET = 11.0;
				MTL_ENABLE_DEBUG_INFO = YES;
				ONLY_ACTIVE_ARCH = YES;
				SDKROOT = iphoneos;
				SWIFT_ACTIVE_COMPILATION_CONDITIONS = DEBUG;
				SWIFT_OPTIMIZATION_LEVEL = "-Onone";
				VERSIONING_SYSTEM = "apple-generic";
				VERSION_INFO_PREFIX = "";
			};
			name = Debug;
		};
		6385A2361F06EB36002B9244 /* Release */ = {
			isa = XCBuildConfiguration;
			buildSettings = {
				ALWAYS_SEARCH_USER_PATHS = NO;
				CLANG_ANALYZER_NONNULL = YES;
				CLANG_ANALYZER_NUMBER_OBJECT_CONVERSION = YES_AGGRESSIVE;
				CLANG_CXX_LANGUAGE_STANDARD = "gnu++14";
				CLANG_CXX_LIBRARY = "libc++";
				CLANG_ENABLE_MODULES = YES;
				CLANG_ENABLE_OBJC_ARC = YES;
				CLANG_WARN_BLOCK_CAPTURE_AUTORELEASING = YES;
				CLANG_WARN_BOOL_CONVERSION = YES;
				CLANG_WARN_COMMA = YES;
				CLANG_WARN_CONSTANT_CONVERSION = YES;
				CLANG_WARN_DEPRECATED_OBJC_IMPLEMENTATIONS = YES;
				CLANG_WARN_DIRECT_OBJC_ISA_USAGE = YES_ERROR;
				CLANG_WARN_DOCUMENTATION_COMMENTS = YES;
				CLANG_WARN_EMPTY_BODY = YES;
				CLANG_WARN_ENUM_CONVERSION = YES;
				CLANG_WARN_INFINITE_RECURSION = YES;
				CLANG_WARN_INT_CONVERSION = YES;
				CLANG_WARN_NON_LITERAL_NULL_CONVERSION = YES;
				CLANG_WARN_OBJC_IMPLICIT_RETAIN_SELF = YES;
				CLANG_WARN_OBJC_LITERAL_CONVERSION = YES;
				CLANG_WARN_OBJC_ROOT_CLASS = YES_ERROR;
				CLANG_WARN_RANGE_LOOP_ANALYSIS = YES;
				CLANG_WARN_STRICT_PROTOTYPES = YES;
				CLANG_WARN_SUSPICIOUS_MOVE = YES;
				CLANG_WARN_UNGUARDED_AVAILABILITY = YES_AGGRESSIVE;
				CLANG_WARN_UNREACHABLE_CODE = YES;
				CLANG_WARN__DUPLICATE_METHOD_MATCH = YES;
				CODE_SIGN_IDENTITY = "iPhone Developer";
				COPY_PHASE_STRIP = NO;
				CURRENT_PROJECT_VERSION = 1;
				DEBUG_INFORMATION_FORMAT = "dwarf-with-dsym";
				ENABLE_NS_ASSERTIONS = NO;
				ENABLE_STRICT_OBJC_MSGSEND = YES;
				GCC_C_LANGUAGE_STANDARD = gnu11;
				GCC_NO_COMMON_BLOCKS = YES;
				GCC_WARN_64_TO_32_BIT_CONVERSION = YES;
				GCC_WARN_ABOUT_RETURN_TYPE = YES_ERROR;
				GCC_WARN_UNDECLARED_SELECTOR = YES;
				GCC_WARN_UNINITIALIZED_AUTOS = YES_AGGRESSIVE;
				GCC_WARN_UNUSED_FUNCTION = YES;
				GCC_WARN_UNUSED_VARIABLE = YES;
				IPHONEOS_DEPLOYMENT_TARGET = 11.0;
				MTL_ENABLE_DEBUG_INFO = NO;
				SDKROOT = iphoneos;
				SWIFT_OPTIMIZATION_LEVEL = "-Owholemodule";
				VALIDATE_PRODUCT = YES;
				VERSIONING_SYSTEM = "apple-generic";
				VERSION_INFO_PREFIX = "";
			};
			name = Release;
		};
		6385A2381F06EB36002B9244 /* Debug */ = {
			isa = XCBuildConfiguration;
			buildSettings = {
				APPLICATION_EXTENSION_API_ONLY = YES;
				CLANG_ENABLE_MODULES = YES;
				CLANG_ENABLE_OBJC_WEAK = YES;
				CODE_SIGN_IDENTITY = "";
				"CODE_SIGN_IDENTITY[sdk=iphoneos*]" = "";
				CODE_SIGN_STYLE = Automatic;
				DEFINES_MODULE = YES;
				DEVELOPMENT_TEAM = 4SPJ9K7CHQ;
				DYLIB_COMPATIBILITY_VERSION = 1;
				DYLIB_CURRENT_VERSION = 1;
				DYLIB_INSTALL_NAME_BASE = "@rpath";
				INFOPLIST_FILE = "$(SRCROOT)/SFKit/Supporting Files/Info.plist";
				INSTALL_PATH = "$(LOCAL_LIBRARY_DIR)/Frameworks";
				IPHONEOS_DEPLOYMENT_TARGET = 10.0;
				LD_RUNPATH_SEARCH_PATHS = "$(inherited) @executable_path/Frameworks @loader_path/Frameworks";
				MACH_O_TYPE = mh_dylib;
				PRODUCT_BUNDLE_IDENTIFIER = ca.mooredev.SFKit;
				PRODUCT_NAME = "$(TARGET_NAME:c99extidentifier)";
				PROVISIONING_PROFILE_SPECIFIER = "";
				SKIP_INSTALL = YES;
				STRIP_STYLE = all;
				SWIFT_INCLUDE_PATHS = "$(SRCROOT)/SFKit/Supporting\\ Files/Project\\ Module";
				SWIFT_OBJC_BRIDGING_HEADER = "";
				SWIFT_OPTIMIZATION_LEVEL = "-Onone";
				SWIFT_SWIFT3_OBJC_INFERENCE = Default;
				SWIFT_VERSION = 4.2;
				TARGETED_DEVICE_FAMILY = "1,2";
			};
			name = Debug;
		};
		6385A2391F06EB36002B9244 /* Release */ = {
			isa = XCBuildConfiguration;
			buildSettings = {
				APPLICATION_EXTENSION_API_ONLY = YES;
				CLANG_ENABLE_MODULES = YES;
				CLANG_ENABLE_OBJC_WEAK = YES;
				CODE_SIGN_IDENTITY = "";
				"CODE_SIGN_IDENTITY[sdk=iphoneos*]" = "";
				CODE_SIGN_STYLE = Automatic;
				DEFINES_MODULE = YES;
				DEVELOPMENT_TEAM = 4SPJ9K7CHQ;
				DYLIB_COMPATIBILITY_VERSION = 1;
				DYLIB_CURRENT_VERSION = 1;
				DYLIB_INSTALL_NAME_BASE = "@rpath";
				INFOPLIST_FILE = "$(SRCROOT)/SFKit/Supporting Files/Info.plist";
				INSTALL_PATH = "$(LOCAL_LIBRARY_DIR)/Frameworks";
				IPHONEOS_DEPLOYMENT_TARGET = 10.0;
				LD_RUNPATH_SEARCH_PATHS = "$(inherited) @executable_path/Frameworks @loader_path/Frameworks";
				MACH_O_TYPE = mh_dylib;
				PRODUCT_BUNDLE_IDENTIFIER = ca.mooredev.SFKit;
				PRODUCT_NAME = "$(TARGET_NAME:c99extidentifier)";
				PROVISIONING_PROFILE_SPECIFIER = "";
				SKIP_INSTALL = YES;
				STRIP_STYLE = all;
				SWIFT_INCLUDE_PATHS = "$(SRCROOT)/SFKit/Supporting\\ Files/Project\\ Module";
				SWIFT_OBJC_BRIDGING_HEADER = "";
				SWIFT_SWIFT3_OBJC_INFERENCE = Default;
				SWIFT_VERSION = 4.2;
				TARGETED_DEVICE_FAMILY = "1,2";
			};
			name = Release;
		};
		6385A23B1F06EB36002B9244 /* Debug */ = {
			isa = XCBuildConfiguration;
			buildSettings = {
				ALWAYS_EMBED_SWIFT_STANDARD_LIBRARIES = YES;
				CLANG_ENABLE_OBJC_WEAK = YES;
				DEVELOPMENT_TEAM = 4SPJ9K7CHQ;
				INFOPLIST_FILE = SFKitTests/Info.plist;
				LD_RUNPATH_SEARCH_PATHS = "$(inherited) @executable_path/Frameworks @loader_path/Frameworks";
				PRODUCT_BUNDLE_IDENTIFIER = ca.mooredev.SFKitTests;
				PRODUCT_NAME = "$(TARGET_NAME)";
				SWIFT_VERSION = 4.0;
				TARGETED_DEVICE_FAMILY = "1,2";
			};
			name = Debug;
		};
		6385A23C1F06EB36002B9244 /* Release */ = {
			isa = XCBuildConfiguration;
			buildSettings = {
				ALWAYS_EMBED_SWIFT_STANDARD_LIBRARIES = YES;
				CLANG_ENABLE_OBJC_WEAK = YES;
				DEVELOPMENT_TEAM = 4SPJ9K7CHQ;
				INFOPLIST_FILE = SFKitTests/Info.plist;
				LD_RUNPATH_SEARCH_PATHS = "$(inherited) @executable_path/Frameworks @loader_path/Frameworks";
				PRODUCT_BUNDLE_IDENTIFIER = ca.mooredev.SFKitTests;
				PRODUCT_NAME = "$(TARGET_NAME)";
				SWIFT_VERSION = 4.0;
				TARGETED_DEVICE_FAMILY = "1,2";
			};
			name = Release;
		};
/* End XCBuildConfiguration section */

/* Begin XCConfigurationList section */
		6385A21D1F06EB36002B9244 /* Build configuration list for PBXProject "SFKit" */ = {
			isa = XCConfigurationList;
			buildConfigurations = (
				6385A2351F06EB36002B9244 /* Debug */,
				6385A2361F06EB36002B9244 /* Release */,
			);
			defaultConfigurationIsVisible = 0;
			defaultConfigurationName = Release;
		};
		6385A2371F06EB36002B9244 /* Build configuration list for PBXNativeTarget "SFKit" */ = {
			isa = XCConfigurationList;
			buildConfigurations = (
				6385A2381F06EB36002B9244 /* Debug */,
				6385A2391F06EB36002B9244 /* Release */,
			);
			defaultConfigurationIsVisible = 0;
			defaultConfigurationName = Release;
		};
		6385A23A1F06EB36002B9244 /* Build configuration list for PBXNativeTarget "SFKitTests" */ = {
			isa = XCConfigurationList;
			buildConfigurations = (
				6385A23B1F06EB36002B9244 /* Debug */,
				6385A23C1F06EB36002B9244 /* Release */,
			);
			defaultConfigurationIsVisible = 0;
			defaultConfigurationName = Release;
		};
/* End XCConfigurationList section */
	};
	rootObject = 6385A21A1F06EB36002B9244 /* Project object */;
}
